
Microsoft Visual Studio Solution File, Format Version 12.00
# Visual Studio 15
VisualStudioVersion = 15.0.27004.2008
MinimumVisualStudioVersion = 10.0.40219.1
Project("{FAE04EC0-301F-11D3-BF4B-00C04F79EFBC}") = "AppActivosFijosWJCQ.WebApi", "AppActivosFijosWJCQ\AppActivosFijosWJCQ.WebApi.csproj", "{1521CE56-82CC-400F-A2B5-1EFB217F96D6}"
EndProject
Project("{FAE04EC0-301F-11D3-BF4B-00C04F79EFBC}") = "AppActivosFijosWJCQ.Tests", "AppActivosFijosWJCQ.Tests\AppActivosFijosWJCQ.Tests.csproj", "{78EC0BA6-1B64-472B-8655-61D29E28468B}"
EndProject
Project("{2150E333-8FDC-42A3-9474-1A3956D46DE8}") = "01Presentations", "01Presentations", "{095AE672-D0D5-49D4-B1F9-B8058949328C}"
EndProject
Project("{2150E333-8FDC-42A3-9474-1A3956D46DE8}") = "06TestUnit", "06TestUnit", "{B2B14329-F915-4FAF-BBDD-76592F873A90}"
EndProject
Project("{2150E333-8FDC-42A3-9474-1A3956D46DE8}") = "02BussinesLayer", "02BussinesLayer", "{7600B852-CCE2-4067-9DBE-D6716BBED174}"
EndProject
Project("{2150E333-8FDC-42A3-9474-1A3956D46DE8}") = "03DataAccess", "03DataAccess", "{54B1DA1E-AA37-4820-BB87-9592C5DD4137}"
EndProject
Project("{2150E333-8FDC-42A3-9474-1A3956D46DE8}") = "04Entities", "04Entities", "{BD825954-24A0-42F8-BB78-AE1AE913C2A3}"
EndProject
Project("{2150E333-8FDC-42A3-9474-1A3956D46DE8}") = "05Utils", "05Utils", "{0BE55733-A3D2-400E-9F43-C24FDEDC2851}"
EndProject
Project("{9A19103F-16F7-4668-BE54-9A1E7A4F7556}") = "AppActivosFijosWJCQ.UI", "AppActivosFijosWJCQ.UI\AppActivosFijosWJCQ.UI.csproj", "{E73433A0-F524-4FD3-BCD9-10AFAE29F722}"
EndProject
Project("{FAE04EC0-301F-11D3-BF4B-00C04F79EFBC}") = "AppActivosFijosWJCQ.BusinessLayer", "AppActivosFijosWJCQ.BusinessLayer\AppActivosFijosWJCQ.BusinessLayer.csproj", "{D23A0A62-4A46-481A-8146-92947637618B}"
EndProject
Project("{FAE04EC0-301F-11D3-BF4B-00C04F79EFBC}") = "AppActivosFijosWJCQ.DAL", "AppActivosFijosWJCQ.DAL\AppActivosFijosWJCQ.DAL.csproj", "{9D785B22-A925-4F29-8F3A-80674147A1D3}"
EndProject
Project("{FAE04EC0-301F-11D3-BF4B-00C04F79EFBC}") = "AppActivosFijosWJCQ.Utils", "AppActivosFijosWJCQ.Utils\AppActivosFijosWJCQ.Utils.csproj", "{CD41B180-C43F-4261-A0BF-251A7552E752}"
EndProject
Project("{FAE04EC0-301F-11D3-BF4B-00C04F79EFBC}") = "AppActivosFijosWJCQ.Entity", "AppActivosFijosWJCQ.Entity\AppActivosFijosWJCQ.Entity.csproj", "{6B0A8152-70B7-406C-A694-0A96CE08ED56}"
EndProject
Global
	GlobalSection(SolutionConfigurationPlatforms) = preSolution
		Debug|Any CPU = Debug|Any CPU
		Release|Any CPU = Release|Any CPU
	EndGlobalSection
	GlobalSection(ProjectConfigurationPlatforms) = postSolution
		{1521CE56-82CC-400F-A2B5-1EFB217F96D6}.Debug|Any CPU.ActiveCfg = Debug|Any CPU
		{1521CE56-82CC-400F-A2B5-1EFB217F96D6}.Debug|Any CPU.Build.0 = Debug|Any CPU
		{1521CE56-82CC-400F-A2B5-1EFB217F96D6}.Release|Any CPU.ActiveCfg = Release|Any CPU
		{1521CE56-82CC-400F-A2B5-1EFB217F96D6}.Release|Any CPU.Build.0 = Release|Any CPU
		{78EC0BA6-1B64-472B-8655-61D29E28468B}.Debug|Any CPU.ActiveCfg = Debug|Any CPU
		{78EC0BA6-1B64-472B-8655-61D29E28468B}.Debug|Any CPU.Build.0 = Debug|Any CPU
		{78EC0BA6-1B64-472B-8655-61D29E28468B}.Release|Any CPU.ActiveCfg = Release|Any CPU
		{78EC0BA6-1B64-472B-8655-61D29E28468B}.Release|Any CPU.Build.0 = Release|Any CPU
		{E73433A0-F524-4FD3-BCD9-10AFAE29F722}.Debug|Any CPU.ActiveCfg = Debug|Any CPU
		{E73433A0-F524-4FD3-BCD9-10AFAE29F722}.Debug|Any CPU.Build.0 = Debug|Any CPU
		{E73433A0-F524-4FD3-BCD9-10AFAE29F722}.Release|Any CPU.ActiveCfg = Release|Any CPU
		{E73433A0-F524-4FD3-BCD9-10AFAE29F722}.Release|Any CPU.Build.0 = Release|Any CPU
		{D23A0A62-4A46-481A-8146-92947637618B}.Debug|Any CPU.ActiveCfg = Debug|Any CPU
		{D23A0A62-4A46-481A-8146-92947637618B}.Debug|Any CPU.Build.0 = Debug|Any CPU
		{D23A0A62-4A46-481A-8146-92947637618B}.Release|Any CPU.ActiveCfg = Release|Any CPU
		{D23A0A62-4A46-481A-8146-92947637618B}.Release|Any CPU.Build.0 = Release|Any CPU
		{9D785B22-A925-4F29-8F3A-80674147A1D3}.Debug|Any CPU.ActiveCfg = Debug|Any CPU
		{9D785B22-A925-4F29-8F3A-80674147A1D3}.Debug|Any CPU.Build.0 = Debug|Any CPU
		{9D785B22-A925-4F29-8F3A-80674147A1D3}.Release|Any CPU.ActiveCfg = Release|Any CPU
		{9D785B22-A925-4F29-8F3A-80674147A1D3}.Release|Any CPU.Build.0 = Release|Any CPU
		{CD41B180-C43F-4261-A0BF-251A7552E752}.Debug|Any CPU.ActiveCfg = Debug|Any CPU
		{CD41B180-C43F-4261-A0BF-251A7552E752}.Debug|Any CPU.Build.0 = Debug|Any CPU
		{CD41B180-C43F-4261-A0BF-251A7552E752}.Release|Any CPU.ActiveCfg = Release|Any CPU
		{CD41B180-C43F-4261-A0BF-251A7552E752}.Release|Any CPU.Build.0 = Release|Any CPU
		{6B0A8152-70B7-406C-A694-0A96CE08ED56}.Debug|Any CPU.ActiveCfg = Debug|Any CPU
		{6B0A8152-70B7-406C-A694-0A96CE08ED56}.Debug|Any CPU.Build.0 = Debug|Any CPU
		{6B0A8152-70B7-406C-A694-0A96CE08ED56}.Release|Any CPU.ActiveCfg = Release|Any CPU
		{6B0A8152-70B7-406C-A694-0A96CE08ED56}.Release|Any CPU.Build.0 = Release|Any CPU
	EndGlobalSection
	GlobalSection(SolutionProperties) = preSolution
		HideSolutionNode = FALSE
	EndGlobalSection
	GlobalSection(NestedProjects) = preSolution
		{1521CE56-82CC-400F-A2B5-1EFB217F96D6} = {095AE672-D0D5-49D4-B1F9-B8058949328C}
		{78EC0BA6-1B64-472B-8655-61D29E28468B} = {B2B14329-F915-4FAF-BBDD-76592F873A90}
		{E73433A0-F524-4FD3-BCD9-10AFAE29F722} = {095AE672-D0D5-49D4-B1F9-B8058949328C}
		{D23A0A62-4A46-481A-8146-92947637618B} = {7600B852-CCE2-4067-9DBE-D6716BBED174}
		{9D785B22-A925-4F29-8F3A-80674147A1D3} = {54B1DA1E-AA37-4820-BB87-9592C5DD4137}
		{CD41B180-C43F-4261-A0BF-251A7552E752} = {0BE55733-A3D2-400E-9F43-C24FDEDC2851}
		{6B0A8152-70B7-406C-A694-0A96CE08ED56} = {BD825954-24A0-42F8-BB78-AE1AE913C2A3}
	EndGlobalSection
	GlobalSection(ExtensibilityGlobals) = postSolution
		SolutionGuid = {3E745CF9-B135-41B5-8DB0-BF4F1735948E}
	EndGlobalSection
EndGlobal
