
Microsoft Visual Studio Solution File, Format Version 12.00
# Visual Studio 15
VisualStudioVersion = 15.0.27004.2008
MinimumVisualStudioVersion = 10.0.40219.1
Project("{FAE04EC0-301F-11D3-BF4B-00C04F79EFBC}") = "AppActivosFijosWJCQ", "AppActivosFijosWJCQ\AppActivosFijosWJCQ.csproj", "{1521CE56-82CC-400F-A2B5-1EFB217F96D6}"
EndProject
Project("{FAE04EC0-301F-11D3-BF4B-00C04F79EFBC}") = "AppActivosFijosWJCQ.Tests", "AppActivosFijosWJCQ.Tests\AppActivosFijosWJCQ.Tests.csproj", "{78EC0BA6-1B64-472B-8655-61D29E28468B}"
EndProject
Global
	GlobalSection(SolutionConfigurationPlatforms) = preSolution
		Debug|Any CPU = Debug|Any CPU
		Release|Any CPU = Release|Any CPU
	EndGlobalSection
	GlobalSection(ProjectConfigurationPlatforms) = postSolution
		{1521CE56-82CC-400F-A2B5-1EFB217F96D6}.Debug|Any CPU.ActiveCfg = Debug|Any CPU
		{1521CE56-82CC-400F-A2B5-1EFB217F96D6}.Debug|Any CPU.Build.0 = Debug|Any CPU
		{1521CE56-82CC-400F-A2B5-1EFB217F96D6}.Release|Any CPU.ActiveCfg = Release|Any CPU
		{1521CE56-82CC-400F-A2B5-1EFB217F96D6}.Release|Any CPU.Build.0 = Release|Any CPU
		{78EC0BA6-1B64-472B-8655-61D29E28468B}.Debug|Any CPU.ActiveCfg = Debug|Any CPU
		{78EC0BA6-1B64-472B-8655-61D29E28468B}.Debug|Any CPU.Build.0 = Debug|Any CPU
		{78EC0BA6-1B64-472B-8655-61D29E28468B}.Release|Any CPU.ActiveCfg = Release|Any CPU
		{78EC0BA6-1B64-472B-8655-61D29E28468B}.Release|Any CPU.Build.0 = Release|Any CPU
	EndGlobalSection
	GlobalSection(SolutionProperties) = preSolution
		HideSolutionNode = FALSE
	EndGlobalSection
	GlobalSection(ExtensibilityGlobals) = postSolution
		SolutionGuid = {3E745CF9-B135-41B5-8DB0-BF4F1735948E}
	EndGlobalSection
EndGlobal
